
Microsoft Visual Studio Solution File, Format Version 12.00
# Visual Studio Version 17
VisualStudioVersion = 17.5.002.0
MinimumVisualStudioVersion = 10.0.40219.1
Project("{9A19103F-16F7-4668-BE54-9A1E7A4F7556}") = "WinLossPredictorApi", "WinLossPredictorApi.csproj", "{1DD9B3EA-374E-4D49-B97C-C28939DB5AEE}"
EndProject
Global
	GlobalSection(SolutionConfigurationPlatforms) = preSolution
		Debug|Any CPU = Debug|Any CPU
		Release|Any CPU = Release|Any CPU
	EndGlobalSection
	GlobalSection(ProjectConfigurationPlatforms) = postSolution
		{1DD9B3EA-374E-4D49-B97C-C28939DB5AEE}.Debug|Any CPU.ActiveCfg = Debug|Any CPU
		{1DD9B3EA-374E-4D49-B97C-C28939DB5AEE}.Debug|Any CPU.Build.0 = Debug|Any CPU
		{1DD9B3EA-374E-4D49-B97C-C28939DB5AEE}.Release|Any CPU.ActiveCfg = Release|Any CPU
		{1DD9B3EA-374E-4D49-B97C-C28939DB5AEE}.Release|Any CPU.Build.0 = Release|Any CPU
	EndGlobalSection
	GlobalSection(SolutionProperties) = preSolution
		HideSolutionNode = FALSE
	EndGlobalSection
	GlobalSection(ExtensibilityGlobals) = postSolution
		SolutionGuid = {B13ADFC2-ACF5-4F72-BA30-95B82C978F04}
	EndGlobalSection
EndGlobal
